
Microsoft Visual Studio Solution File, Format Version 12.00
# Visual Studio 14
VisualStudioVersion = 14.0.25420.1
MinimumVisualStudioVersion = 10.0.40219.1
Project("{FAE04EC0-301F-11D3-BF4B-00C04F79EFBC}") = "CountingDuplicates", "CountingDuplicates\CountingDuplicates.csproj", "{DE8042DD-B31A-4DC7-B665-F2E37AEE683D}"
EndProject
Project("{FAE04EC0-301F-11D3-BF4B-00C04F79EFBC}") = "AreaCalculation", "AreaCalculation\AreaCalculation.csproj", "{35194859-829A-4CE8-B50F-47EC2C1527C3}"
EndProject
Project("{FAE04EC0-301F-11D3-BF4B-00C04F79EFBC}") = "GeesetoDucks-Adapter", "Patterns\GeesetoDucks-Adapter\GeesetoDucks-Adapter.csproj", "{88272F3D-D4FD-472D-AF27-21B12603B54B}"
EndProject
Project("{2150E333-8FDC-42A3-9474-1A3956D46DE8}") = "Patterns", "Patterns", "{60FE9D86-4960-411D-9233-645A780FA758}"
	ProjectSection(SolutionItems) = preProject
		Patterns\GeesetoDucks-Adapter\Instruction.md = Patterns\GeesetoDucks-Adapter\Instruction.md
	EndProjectSection
EndProject
Project("{FAE04EC0-301F-11D3-BF4B-00C04F79EFBC}") = "PatternCraft-Decorator", "PatternCraft-Decorator\PatternCraft-Decorator.csproj", "{9B3E31AC-7B71-42F4-9108-9E597B95DB55}"
EndProject
Global
	GlobalSection(SolutionConfigurationPlatforms) = preSolution
		Debug|Any CPU = Debug|Any CPU
		Release|Any CPU = Release|Any CPU
	EndGlobalSection
	GlobalSection(ProjectConfigurationPlatforms) = postSolution
		{DE8042DD-B31A-4DC7-B665-F2E37AEE683D}.Debug|Any CPU.ActiveCfg = Debug|Any CPU
		{DE8042DD-B31A-4DC7-B665-F2E37AEE683D}.Debug|Any CPU.Build.0 = Debug|Any CPU
		{DE8042DD-B31A-4DC7-B665-F2E37AEE683D}.Release|Any CPU.ActiveCfg = Release|Any CPU
		{DE8042DD-B31A-4DC7-B665-F2E37AEE683D}.Release|Any CPU.Build.0 = Release|Any CPU
		{35194859-829A-4CE8-B50F-47EC2C1527C3}.Debug|Any CPU.ActiveCfg = Debug|Any CPU
		{35194859-829A-4CE8-B50F-47EC2C1527C3}.Debug|Any CPU.Build.0 = Debug|Any CPU
		{35194859-829A-4CE8-B50F-47EC2C1527C3}.Release|Any CPU.ActiveCfg = Release|Any CPU
		{35194859-829A-4CE8-B50F-47EC2C1527C3}.Release|Any CPU.Build.0 = Release|Any CPU
		{88272F3D-D4FD-472D-AF27-21B12603B54B}.Debug|Any CPU.ActiveCfg = Debug|Any CPU
		{88272F3D-D4FD-472D-AF27-21B12603B54B}.Debug|Any CPU.Build.0 = Debug|Any CPU
		{88272F3D-D4FD-472D-AF27-21B12603B54B}.Release|Any CPU.ActiveCfg = Release|Any CPU
		{88272F3D-D4FD-472D-AF27-21B12603B54B}.Release|Any CPU.Build.0 = Release|Any CPU
		{9B3E31AC-7B71-42F4-9108-9E597B95DB55}.Debug|Any CPU.ActiveCfg = Debug|Any CPU
		{9B3E31AC-7B71-42F4-9108-9E597B95DB55}.Debug|Any CPU.Build.0 = Debug|Any CPU
		{9B3E31AC-7B71-42F4-9108-9E597B95DB55}.Release|Any CPU.ActiveCfg = Release|Any CPU
		{9B3E31AC-7B71-42F4-9108-9E597B95DB55}.Release|Any CPU.Build.0 = Release|Any CPU
	EndGlobalSection
	GlobalSection(SolutionProperties) = preSolution
		HideSolutionNode = FALSE
	EndGlobalSection
	GlobalSection(NestedProjects) = preSolution
		{88272F3D-D4FD-472D-AF27-21B12603B54B} = {60FE9D86-4960-411D-9233-645A780FA758}
		{9B3E31AC-7B71-42F4-9108-9E597B95DB55} = {60FE9D86-4960-411D-9233-645A780FA758}
	EndGlobalSection
EndGlobal
